Microsoft Visual Studio Solution File, Format Version 12.00
Project("{FAE04EC0-301F-11D3-BF4B-00C04F79EFBC}") = "JWTAuthentication", "JWTAuthentication\JWTAuthentication.csproj", "{D0FD1DC5-7233-4A5B-B91D-35F46C1BDDE0}"
EndProject
Global
	GlobalSection(SolutionConfigurationPlatforms) = preSolution
		Debug|Any CPU = Debug|Any CPU
		Release|Any CPU = Release|Any CPU
	EndGlobalSection
	GlobalSection(ProjectConfigurationPlatforms) = postSolution
		{D0FD1DC5-7233-4A5B-B91D-35F46C1BDDE0}.Debug|Any CPU.ActiveCfg = Debug|Any CPU
		{D0FD1DC5-7233-4A5B-B91D-35F46C1BDDE0}.Debug|Any CPU.Build.0 = Debug|Any CPU
		{D0FD1DC5-7233-4A5B-B91D-35F46C1BDDE0}.Release|Any CPU.ActiveCfg = Release|Any CPU
		{D0FD1DC5-7233-4A5B-B91D-35F46C1BDDE0}.Release|Any CPU.Build.0 = Release|Any CPU
	EndGlobalSection
EndGlobal
